
Microsoft Visual Studio Solution File, Format Version 12.00
# Visual Studio Version 17
VisualStudioVersion = 17.1.32210.238
MinimumVisualStudioVersion = 10.0.40219.1
Project("{FAE04EC0-301F-11D3-BF4B-00C04F79EFBC}") = "iPhasey", "iPhasey\iPhasey.csproj", "{1F73DEF0-62DF-4910-B335-AA2D21AAC65D}"
EndProject
Global
	GlobalSection(SolutionConfigurationPlatforms) = preSolution
		Debug|Any CPU = Debug|Any CPU
		Release|Any CPU = Release|Any CPU
	EndGlobalSection
	GlobalSection(ProjectConfigurationPlatforms) = postSolution
		{1F73DEF0-62DF-4910-B335-AA2D21AAC65D}.Debug|Any CPU.ActiveCfg = Debug|Any CPU
		{1F73DEF0-62DF-4910-B335-AA2D21AAC65D}.Debug|Any CPU.Build.0 = Debug|Any CPU
		{1F73DEF0-62DF-4910-B335-AA2D21AAC65D}.Release|Any CPU.ActiveCfg = Release|Any CPU
		{1F73DEF0-62DF-4910-B335-AA2D21AAC65D}.Release|Any CPU.Build.0 = Release|Any CPU
	EndGlobalSection
	GlobalSection(SolutionProperties) = preSolution
		HideSolutionNode = FALSE
	EndGlobalSection
	GlobalSection(ExtensibilityGlobals) = postSolution
		SolutionGuid = {1BB4F033-B461-4D10-9664-0B9BCC525532}
	EndGlobalSection
EndGlobal
